{
  "requires": true,
  "lockfileVersion": 1,
  "dependencies": {
    "handlebars": ">=4.0.14"
    "js-yaml": ">=3.13.1"
    "fstream": ">=1.0.12"
    "tar": ">=2.2.2"
    "jquery": ">=3.4.0"
    "bootstrap": {
      "version": ">=4.3.1"
      "resolved": "https://registry.npmjs.org/bootstrap/-/bootstrap-4.2.1.tgz",
      "integrity": "sha512-tt/7vIv3Gm2mnd/WeDx36nfGGHleil0Wg8IeB7eMrVkY0fZ5iTaBisSh8oNANc2IBsCc6vCgCNTIM/IEN0+50Q==",
      "webpack-dev-server": ">=3.1.11"
    }
  }
}
